
Microsoft Visual Studio Solution File, Format Version 12.00
Project("{FAE04EC0-301F-11D3-BF4B-00C04F79EFBC}") = "Turistando.WebApi", "Turistando.WebApi\Turistando.WebApi.csproj", "{F6C36C61-56E5-4AA9-905E-5CB9FF8A43E6}"
EndProject
Global
	GlobalSection(SolutionConfigurationPlatforms) = preSolution
		Debug|Any CPU = Debug|Any CPU
		Release|Any CPU = Release|Any CPU
	EndGlobalSection
	GlobalSection(ProjectConfigurationPlatforms) = postSolution
		{F6C36C61-56E5-4AA9-905E-5CB9FF8A43E6}.Debug|Any CPU.ActiveCfg = Debug|Any CPU
		{F6C36C61-56E5-4AA9-905E-5CB9FF8A43E6}.Debug|Any CPU.Build.0 = Debug|Any CPU
		{F6C36C61-56E5-4AA9-905E-5CB9FF8A43E6}.Release|Any CPU.ActiveCfg = Release|Any CPU
		{F6C36C61-56E5-4AA9-905E-5CB9FF8A43E6}.Release|Any CPU.Build.0 = Release|Any CPU
	EndGlobalSection
EndGlobal
